PODS:
  - BaiduMapKit (4.2.1)
  - MapFramework (1.0.0):
    - BaiduMapKit
  - MapWrapperFrameworkSwift (1.0.0):
    - MapFramework

DEPENDENCIES:
  - MapWrapperFrameworkSwift (from `../`)

SPEC REPOS:
  https://github.com/cocoapods/specs.git:
    - BaiduMapKit
  https://github.com/SourceChang/Specs.git:
    - MapFramework

EXTERNAL SOURCES:
  MapWrapperFrameworkSwift:
    :path: "../"

SPEC CHECKSUMS:
  BaiduMapKit: b7430823de488bb6d082e4e1d356dadf09d3edb2
  MapFramework: d5929ddec4467f5e189ccb221f2655bac99e342d
  MapWrapperFrameworkSwift: fdaac60224359b9f0b21e327817399630adcde42

PODFILE CHECKSUM: 291be1f97bfa96b4607c579416fa84e094f9aa0f

COCOAPODS: 1.5.3
